// !$*UTF8*$!
{
	archiveVersion = 1;
	classes = {
	};
	objectVersion = 50;
	objects = {

/* Begin PBXBuildFile section */
		1D02264B210730A4004F10E5 /* AppDelegate.swift in Sources */ = {isa = PBXBuildFile; fileRef = 1D02264A210730A4004F10E5 /* AppDelegate.swift */; };
		1D022650210730A4004F10E5 /* Main.storyboard in Resources */ = {isa = PBXBuildFile; fileRef = 1D02264E210730A4004F10E5 /* Main.storyboard */; };
		1D022652210730A6004F10E5 /* Assets.xcassets in Resources */ = {isa = PBXBuildFile; fileRef = 1D022651210730A6004F10E5 /* Assets.xcassets */; };
		1D022655210730A6004F10E5 /* LaunchScreen.storyboard in Resources */ = {isa = PBXBuildFile; fileRef = 1D022653210730A6004F10E5 /* LaunchScreen.storyboard */; };
		1D02266021073153004F10E5 /* MainVC.swift in Sources */ = {isa = PBXBuildFile; fileRef = 1D02265F21073153004F10E5 /* MainVC.swift */; };
		1D02266221073393004F10E5 /* itemCell.swift in Sources */ = {isa = PBXBuildFile; fileRef = 1D02266121073393004F10E5 /* itemCell.swift */; };
		1D0B64A221096F36003F10B5 /* CategoryVC.swift in Sources */ = {isa = PBXBuildFile; fileRef = 1D0B64A121096F36003F10B5 /* CategoryVC.swift */; };
		1D0B64A4210972B3003F10B5 /* CategoryCell.swift in Sources */ = {isa = PBXBuildFile; fileRef = 1D0B64A3210972B3003F10B5 /* CategoryCell.swift */; };
		1D2B747621085CB000535F75 /* DataModel.xcdatamodeld in Sources */ = {isa = PBXBuildFile; fileRef = 1D2B747421085CB000535F75 /* DataModel.xcdatamodeld */; };
/* End PBXBuildFile section */

/* Begin PBXFileReference section */
		1D022647210730A4004F10E5 /* tododo.app */ = {isa = PBXFileReference; explicitFileType = wrapper.application; includeInIndex = 0; path = tododo.app; sourceTree = BUILT_PRODUCTS_DIR; };
		1D02264A210730A4004F10E5 /* AppDelegate.swift */ = {isa = PBXFileReference; lastKnownFileType = sourcecode.swift; path = AppDelegate.swift; sourceTree = "<group>"; };
		1D02264F210730A4004F10E5 /* Base */ = {isa = PBXFileReference; lastKnownFileType = file.storyboard; name = Base; path = Base.lproj/Main.storyboard; sourceTree = "<group>"; };
		1D022651210730A6004F10E5 /* Assets.xcassets */ = {isa = PBXFileReference; lastKnownFileType = folder.assetcatalog; path = Assets.xcassets; sourceTree = "<group>"; };
		1D022654210730A6004F10E5 /* Base */ = {isa = PBXFileReference; lastKnownFileType = file.storyboard; name = Base; path = Base.lproj/LaunchScreen.storyboard; sourceTree = "<group>"; };
		1D022656210730A6004F10E5 /* Info.plist */ = {isa = PBXFileReference; lastKnownFileType = text.plist.xml; path = Info.plist; sourceTree = "<group>"; };
		1D02265F21073153004F10E5 /* MainVC.swift */ = {isa = PBXFileReference; lastKnownFileType = sourcecode.swift; path = MainVC.swift; sourceTree = "<group>"; };
		1D02266121073393004F10E5 /* itemCell.swift */ = {isa = PBXFileReference; lastKnownFileType = sourcecode.swift; path = itemCell.swift; sourceTree = "<group>"; };
		1D0B64A121096F36003F10B5 /* CategoryVC.swift */ = {isa = PBXFileReference; lastKnownFileType = sourcecode.swift; path = CategoryVC.swift; sourceTree = "<group>"; };
		1D0B64A3210972B3003F10B5 /* CategoryCell.swift */ = {isa = PBXFileReference; lastKnownFileType = sourcecode.swift; path = CategoryCell.swift; sourceTree = "<group>"; };
		1D2B747521085CB000535F75 /* DataModel.xcdatamodel */ = {isa = PBXFileReference; lastKnownFileType = wrapper.xcdatamodel; path = DataModel.xcdatamodel; sourceTree = "<group>"; };
/* End PBXFileReference section */

/* Begin PBXFrameworksBuildPhase section */
		1D022644210730A4004F10E5 /* Frameworks */ = {
			isa = PBXFrameworksBuildPhase;
			buildActionMask = 2147483647;
			files = (
			);
			runOnlyForDeploymentPostprocessing = 0;
		};
/* End PBXFrameworksBuildPhase section */

/* Begin PBXGroup section */
		1D02263E210730A4004F10E5 = {
			isa = PBXGroup;
			children = (
				1D022649210730A4004F10E5 /* tododo */,
				1D022648210730A4004F10E5 /* Products */,
			);
			sourceTree = "<group>";
		};
		1D022648210730A4004F10E5 /* Products */ = {
			isa = PBXGroup;
			children = (
				1D022647210730A4004F10E5 /* tododo.app */,
			);
			name = Products;
			sourceTree = "<group>";
		};
		1D022649210730A4004F10E5 /* tododo */ = {
			isa = PBXGroup;
			children = (
				1D47713721081DF00050BEB0 /* Model */,
				1D02265E2107313A004F10E5 /* Utils */,
				1D02265D21073134004F10E5 /* Views */,
				1D02265C21073126004F10E5 /* Controller */,
				1D02264A210730A4004F10E5 /* AppDelegate.swift */,
				1D02264E210730A4004F10E5 /* Main.storyboard */,
				1D022651210730A6004F10E5 /* Assets.xcassets */,
				1D022653210730A6004F10E5 /* LaunchScreen.storyboard */,
				1D022656210730A6004F10E5 /* Info.plist */,
			);
			path = tododo;
			sourceTree = "<group>";
		};
		1D02265C21073126004F10E5 /* Controller */ = {
			isa = PBXGroup;
			children = (
				1D0B64A121096F36003F10B5 /* CategoryVC.swift */,
				1D02265F21073153004F10E5 /* MainVC.swift */,
			);
			path = Controller;
			sourceTree = "<group>";
		};
		1D02265D21073134004F10E5 /* Views */ = {
			isa = PBXGroup;
			children = (
				1D02266121073393004F10E5 /* itemCell.swift */,
				1D0B64A3210972B3003F10B5 /* CategoryCell.swift */,
			);
			path = Views;
			sourceTree = "<group>";
		};
		1D02265E2107313A004F10E5 /* Utils */ = {
			isa = PBXGroup;
			children = (
			);
			path = Utils;
			sourceTree = "<group>";
		};
		1D47713721081DF00050BEB0 /* Model */ = {
			isa = PBXGroup;
			children = (
				1D2B747421085CB000535F75 /* DataModel.xcdatamodeld */,
			);
			path = Model;
			sourceTree = "<group>";
		};
/* End PBXGroup section */

/* Begin PBXNativeTarget section */
		1D022646210730A4004F10E5 /* tododo */ = {
			isa = PBXNativeTarget;
			buildConfigurationList = 1D022659210730A6004F10E5 /* Build configuration list for PBXNativeTarget "tododo" */;
			buildPhases = (
				1D022643210730A4004F10E5 /* Sources */,
				1D022644210730A4004F10E5 /* Frameworks */,
				1D022645210730A4004F10E5 /* Resources */,
			);
			buildRules = (
			);
			dependencies = (
			);
			name = tododo;
			productName = tododo;
			productReference = 1D022647210730A4004F10E5 /* tododo.app */;
			productType = "com.apple.product-type.application";
		};
/* End PBXNativeTarget section */

/* Begin PBXProject section */
		1D02263F210730A4004F10E5 /* Project object */ = {
			isa = PBXProject;
			attributes = {
				LastSwiftUpdateCheck = 0940;
				LastUpgradeCheck = 0940;
				ORGANIZATIONNAME = Kings;
				TargetAttributes = {
					1D022646210730A4004F10E5 = {
						CreatedOnToolsVersion = 9.4;
					};
				};
			};
			buildConfigurationList = 1D022642210730A4004F10E5 /* Build configuration list for PBXProject "tododo" */;
			compatibilityVersion = "Xcode 9.3";
			developmentRegion = en;
			hasScannedForEncodings = 0;
			knownRegions = (
				en,
				Base,
			);
			mainGroup = 1D02263E210730A4004F10E5;
			productRefGroup = 1D022648210730A4004F10E5 /* Products */;
			projectDirPath = "";
			projectRoot = "";
			targets = (
				1D022646210730A4004F10E5 /* tododo */,
			);
		};
/* End PBXProject section */

/* Begin PBXResourcesBuildPhase section */
		1D022645210730A4004F10E5 /* Resources */ = {
			isa = PBXResourcesBuildPhase;
			buildActionMask = 2147483647;
			files = (
				1D022655210730A6004F10E5 /* LaunchScreen.storyboard in Resources */,
				1D022652210730A6004F10E5 /* Assets.xcassets in Resources */,
				1D022650210730A4004F10E5 /* Main.storyboard in Resources */,
			);
			runOnlyForDeploymentPostprocessing = 0;
		};
/* End PBXResourcesBuildPhase section */

/* Begin PBXSourcesBuildPhase section */
		1D022643210730A4004F10E5 /* Sources */ = {
			isa = PBXSourcesBuildPhase;
			buildActionMask = 2147483647;
			files = (
				1D0B64A221096F36003F10B5 /* CategoryVC.swift in Sources */,
				1D2B747621085CB000535F75 /* DataModel.xcdatamodeld in Sources */,
				1D02264B210730A4004F10E5 /* AppDelegate.swift in Sources */,
				1D02266221073393004F10E5 /* itemCell.swift in Sources */,
				1D02266021073153004F10E5 /* MainVC.swift in Sources */,
				1D0B64A4210972B3003F10B5 /* CategoryCell.swift in Sources */,
			);
			runOnlyForDeploymentPostprocessing = 0;
		};
/* End PBXSourcesBuildPhase section */

/* Begin PBXVariantGroup section */
		1D02264E210730A4004F10E5 /* Main.storyboard */ = {
			isa = PBXVariantGroup;
			children = (
				1D02264F210730A4004F10E5 /* Base */,
			);
			name = Main.storyboard;
			sourceTree = "<group>";
		};
		1D022653210730A6004F10E5 /* LaunchScreen.storyboard */ = {
			isa = PBXVariantGroup;
			children = (
				1D022654210730A6004F10E5 /* Base */,
			);
			name = LaunchScreen.storyboard;
			sourceTree = "<group>";
		};
/* End PBXVariantGroup section */

/* Begin XCBuildConfiguration section */
		1D022657210730A6004F10E5 /* Debug */ = {
			isa = XCBuildConfiguration;
			buildSettings = {
				ALWAYS_SEARCH_USER_PATHS = NO;
				CLANG_ANALYZER_NONNULL = YES;
				CLANG_ANALYZER_NUMBER_OBJECT_CONVERSION = YES_AGGRESSIVE;
				CLANG_CXX_LANGUAGE_STANDARD = "gnu++14";
				CLANG_CXX_LIBRARY = "libc++";
				CLANG_ENABLE_MODULES = YES;
				CLANG_ENABLE_OBJC_ARC = YES;
				CLANG_ENABLE_OBJC_WEAK = YES;
				CLANG_WARN_BLOCK_CAPTURE_AUTORELEASING = YES;
				CLANG_WARN_BOOL_CONVERSION = YES;
				CLANG_WARN_COMMA = YES;
				CLANG_WARN_CONSTANT_CONVERSION = YES;
				CLANG_WARN_DEPRECATED_OBJC_IMPLEMENTATIONS = YES;
				CLANG_WARN_DIRECT_OBJC_ISA_USAGE = YES_ERROR;
				CLANG_WARN_DOCUMENTATION_COMMENTS = YES;
				CLANG_WARN_EMPTY_BODY = YES;
				CLANG_WARN_ENUM_CONVERSION = YES;
				CLANG_WARN_INFINITE_RECURSION = YES;
				CLANG_WARN_INT_CONVERSION = YES;
				CLANG_WARN_NON_LITERAL_NULL_CONVERSION = YES;
				CLANG_WARN_OBJC_IMPLICIT_RETAIN_SELF = YES;
				CLANG_WARN_OBJC_LITERAL_CONVERSION = YES;
				CLANG_WARN_OBJC_ROOT_CLASS = YES_ERROR;
				CLANG_WARN_RANGE_LOOP_ANALYSIS = YES;
				CLANG_WARN_STRICT_PROTOTYPES = YES;
				CLANG_WARN_SUSPICIOUS_MOVE = YES;
				CLANG_WARN_UNGUARDED_AVAILABILITY = YES_AGGRESSIVE;
				CLANG_WARN_UNREACHABLE_CODE = YES;
				CLANG_WARN__DUPLICATE_METHOD_MATCH = YES;
				CODE_SIGN_IDENTITY = "iPhone Developer";
				COPY_PHASE_STRIP = NO;
				DEBUG_INFORMATION_FORMAT = dwarf;
				ENABLE_STRICT_OBJC_MSGSEND = YES;
				ENABLE_TESTABILITY = YES;
				GCC_C_LANGUAGE_STANDARD = gnu11;
				GCC_DYNAMIC_NO_PIC = NO;
				GCC_NO_COMMON_BLOCKS = YES;
				GCC_OPTIMIZATION_LEVEL = 0;
				GCC_PREPROCESSOR_DEFINITIONS = (
					"DEBUG=1",
					"$(inherited)",
				);
				GCC_WARN_64_TO_32_BIT_CONVERSION = YES;
				GCC_WARN_ABOUT_RETURN_TYPE = YES_ERROR;
				GCC_WARN_UNDECLARED_SELECTOR = YES;
				GCC_WARN_UNINITIALIZED_AUTOS = YES_AGGRESSIVE;
				GCC_WARN_UNUSED_FUNCTION = YES;
				GCC_WARN_UNUSED_VARIABLE = YES;
				IPHONEOS_DEPLOYMENT_TARGET = 11.4;
				MTL_ENABLE_DEBUG_INFO = YES;
				ONLY_ACTIVE_ARCH = YES;
				SDKROOT = iphoneos;
				SWIFT_ACTIVE_COMPILATION_CONDITIONS = DEBUG;
				SWIFT_OPTIMIZATION_LEVEL = "-Onone";
			};
			name = Debug;
		};
		1D022658210730A6004F10E5 /* Release */ = {
			isa = XCBuildConfiguration;
			buildSettings = {
				ALWAYS_SEARCH_USER_PATHS = NO;
				CLANG_ANALYZER_NONNULL = YES;
				CLANG_ANALYZER_NUMBER_OBJECT_CONVERSION = YES_AGGRESSIVE;
				CLANG_CXX_LANGUAGE_STANDARD = "gnu++14";
				CLANG_CXX_LIBRARY = "libc++";
				CLANG_ENABLE_MODULES = YES;
				CLANG_ENABLE_OBJC_ARC = YES;
				CLANG_ENABLE_OBJC_WEAK = YES;
				CLANG_WARN_BLOCK_CAPTURE_AUTORELEASING = YES;
				CLANG_WARN_BOOL_CONVERSION = YES;
				CLANG_WARN_COMMA = YES;
				CLANG_WARN_CONSTANT_CONVERSION = YES;
				CLANG_WARN_DEPRECATED_OBJC_IMPLEMENTATIONS = YES;
				CLANG_WARN_DIRECT_OBJC_ISA_USAGE = YES_ERROR;
				CLANG_WARN_DOCUMENTATION_COMMENTS = YES;
				CLANG_WARN_EMPTY_BODY = YES;
				CLANG_WARN_ENUM_CONVERSION = YES;
				CLANG_WARN_INFINITE_RECURSION = YES;
				CLANG_WARN_INT_CONVERSION = YES;
				CLANG_WARN_NON_LITERAL_NULL_CONVERSION = YES;
				CLANG_WARN_OBJC_IMPLICIT_RETAIN_SELF = YES;
				CLANG_WARN_OBJC_LITERAL_CONVERSION = YES;
				CLANG_WARN_OBJC_ROOT_CLASS = YES_ERROR;
				CLANG_WARN_RANGE_LOOP_ANALYSIS = YES;
				CLANG_WARN_STRICT_PROTOTYPES = YES;
				CLANG_WARN_SUSPICIOUS_MOVE = YES;
				CLANG_WARN_UNGUARDED_AVAILABILITY = YES_AGGRESSIVE;
				CLANG_WARN_UNREACHABLE_CODE = YES;
				CLANG_WARN__DUPLICATE_METHOD_MATCH = YES;
				CODE_SIGN_IDENTITY = "iPhone Developer";
				COPY_PHASE_STRIP = NO;
				DEBUG_INFORMATION_FORMAT = "dwarf-with-dsym";
				ENABLE_NS_ASSERTIONS = NO;
				ENABLE_STRICT_OBJC_MSGSEND = YES;
				GCC_C_LANGUAGE_STANDARD = gnu11;
				GCC_NO_COMMON_BLOCKS = YES;
				GCC_WARN_64_TO_32_BIT_CONVERSION = YES;
				GCC_WARN_ABOUT_RETURN_TYPE = YES_ERROR;
				GCC_WARN_UNDECLARED_SELECTOR = YES;
				GCC_WARN_UNINITIALIZED_AUTOS = YES_AGGRESSIVE;
				GCC_WARN_UNUSED_FUNCTION = YES;
				GCC_WARN_UNUSED_VARIABLE = YES;
				IPHONEOS_DEPLOYMENT_TARGET = 11.4;
				MTL_ENABLE_DEBUG_INFO = NO;
				SDKROOT = iphoneos;
				SWIFT_COMPILATION_MODE = wholemodule;
				SWIFT_OPTIMIZATION_LEVEL = "-O";
				VALIDATE_PRODUCT = YES;
			};
			name = Release;
		};
		1D02265A210730A6004F10E5 /* Debug */ = {
			isa = XCBuildConfiguration;
			buildSettings = {
				ASSETCATALOG_COMPILER_APPICON_NAME = AppIcon;
				CODE_SIGN_STYLE = Automatic;
				DEVELOPMENT_TEAM = T59TQ7LCH6;
				INFOPLIST_FILE = tododo/Info.plist;
				LD_RUNPATH_SEARCH_PATHS = (
					"$(inherited)",
					"@executable_path/Frameworks",
				);
				PRODUCT_BUNDLE_IDENTIFIER = com.kings.tododo;
				PRODUCT_NAME = "$(TARGET_NAME)";
				SWIFT_VERSION = 4.0;
				TARGETED_DEVICE_FAMILY = "1,2";
			};
			name = Debug;
		};
		1D02265B210730A6004F10E5 /* Release */ = {
			isa = XCBuildConfiguration;
			buildSettings = {
				ASSETCATALOG_COMPILER_APPICON_NAME = AppIcon;
				CODE_SIGN_STYLE = Automatic;
				DEVELOPMENT_TEAM = T59TQ7LCH6;
				INFOPLIST_FILE = tododo/Info.plist;
				LD_RUNPATH_SEARCH_PATHS = (
					"$(inherited)",
					"@executable_path/Frameworks",
				);
				PRODUCT_BUNDLE_IDENTIFIER = com.kings.tododo;
				PRODUCT_NAME = "$(TARGET_NAME)";
				SWIFT_VERSION = 4.0;
				TARGETED_DEVICE_FAMILY = "1,2";
			};
			name = Release;
		};
/* End XCBuildConfiguration section */

/* Begin XCConfigurationList section */
		1D022642210730A4004F10E5 /* Build configuration list for PBXProject "tododo" */ = {
			isa = XCConfigurationList;
			buildConfigurations = (
				1D022657210730A6004F10E5 /* Debug */,
				1D022658210730A6004F10E5 /* Release */,
			);
			defaultConfigurationIsVisible = 0;
			defaultConfigurationName = Release;
		};
		1D022659210730A6004F10E5 /* Build configuration list for PBXNativeTarget "tododo" */ = {
			isa = XCConfigurationList;
			buildConfigurations = (
				1D02265A210730A6004F10E5 /* Debug */,
				1D02265B210730A6004F10E5 /* Release */,
			);
			defaultConfigurationIsVisible = 0;
			defaultConfigurationName = Release;
		};
/* End XCConfigurationList section */

/* Begin XCVersionGroup section */
		1D2B747421085CB000535F75 /* DataModel.xcdatamodeld */ = {
			isa = XCVersionGroup;
			children = (
				1D2B747521085CB000535F75 /* DataModel.xcdatamodel */,
			);
			currentVersion = 1D2B747521085CB000535F75 /* DataModel.xcdatamodel */;
			path = DataModel.xcdatamodeld;
			sourceTree = "<group>";
			versionGroupType = wrapper.xcdatamodel;
		};
/* End XCVersionGroup section */
	};
	rootObject = 1D02263F210730A4004F10E5 /* Project object */;
}
